
Microsoft Visual Studio Solution File, Format Version 12.00
# Visual Studio Version 16
VisualStudioVersion = 16.0.31205.134
MinimumVisualStudioVersion = 10.0.40219.1
Project("{FAE04EC0-301F-11D3-BF4B-00C04F79EFBC}") = "Enums", "Enums\Enums.csproj", "{E3606E9E-5CE8-494A-AE3D-C193EFBF067B}"
EndProject
Global
	GlobalSection(SolutionConfigurationPlatforms) = preSolution
		Debug|Any CPU = Debug|Any CPU
		Release|Any CPU = Release|Any CPU
	EndGlobalSection
	GlobalSection(ProjectConfigurationPlatforms) = postSolution
		{E3606E9E-5CE8-494A-AE3D-C193EFBF067B}.Debug|Any CPU.ActiveCfg = Debug|Any CPU
		{E3606E9E-5CE8-494A-AE3D-C193EFBF067B}.Debug|Any CPU.Build.0 = Debug|Any CPU
		{E3606E9E-5CE8-494A-AE3D-C193EFBF067B}.Release|Any CPU.ActiveCfg = Release|Any CPU
		{E3606E9E-5CE8-494A-AE3D-C193EFBF067B}.Release|Any CPU.Build.0 = Release|Any CPU
	EndGlobalSection
	GlobalSection(SolutionProperties) = preSolution
		HideSolutionNode = FALSE
	EndGlobalSection
	GlobalSection(ExtensibilityGlobals) = postSolution
		SolutionGuid = {5AA77AA0-A5B0-47A5-913A-5E7970613462}
	EndGlobalSection
EndGlobal
