
Microsoft Visual Studio Solution File, Format Version 12.00
# Visual Studio Version 16
VisualStudioVersion = 16.0.31205.134
MinimumVisualStudioVersion = 10.0.40219.1
Project("{FAE04EC0-301F-11D3-BF4B-00C04F79EFBC}") = "ClassSubmission", "ClassSubmission\ClassSubmission.csproj", "{87E08762-7A14-4486-BB29-AEAC61CB678A}"
EndProject
Global
	GlobalSection(SolutionConfigurationPlatforms) = preSolution
		Debug|Any CPU = Debug|Any CPU
		Release|Any CPU = Release|Any CPU
	EndGlobalSection
	GlobalSection(ProjectConfigurationPlatforms) = postSolution
		{87E08762-7A14-4486-BB29-AEAC61CB678A}.Debug|Any CPU.ActiveCfg = Debug|Any CPU
		{87E08762-7A14-4486-BB29-AEAC61CB678A}.Debug|Any CPU.Build.0 = Debug|Any CPU
		{87E08762-7A14-4486-BB29-AEAC61CB678A}.Release|Any CPU.ActiveCfg = Release|Any CPU
		{87E08762-7A14-4486-BB29-AEAC61CB678A}.Release|Any CPU.Build.0 = Release|Any CPU
	EndGlobalSection
	GlobalSection(SolutionProperties) = preSolution
		HideSolutionNode = FALSE
	EndGlobalSection
	GlobalSection(ExtensibilityGlobals) = postSolution
		SolutionGuid = {656C0EE2-C44F-4C4E-AE2D-D0A0E6B4DA82}
	EndGlobalSection
EndGlobal
