
Microsoft Visual Studio Solution File, Format Version 12.00
# Visual Studio Version 16
VisualStudioVersion = 16.0.31205.134
MinimumVisualStudioVersion = 10.0.40219.1
Project("{FAE04EC0-301F-11D3-BF4B-00C04F79EFBC}") = "MethodClassSubmission", "MethodClassSubmission\MethodClassSubmission.csproj", "{D4318F40-C2CD-4D59-BF6A-98F02F070C1C}"
EndProject
Global
	GlobalSection(SolutionConfigurationPlatforms) = preSolution
		Debug|Any CPU = Debug|Any CPU
		Release|Any CPU = Release|Any CPU
	EndGlobalSection
	GlobalSection(ProjectConfigurationPlatforms) = postSolution
		{D4318F40-C2CD-4D59-BF6A-98F02F070C1C}.Debug|Any CPU.ActiveCfg = Debug|Any CPU
		{D4318F40-C2CD-4D59-BF6A-98F02F070C1C}.Debug|Any CPU.Build.0 = Debug|Any CPU
		{D4318F40-C2CD-4D59-BF6A-98F02F070C1C}.Release|Any CPU.ActiveCfg = Release|Any CPU
		{D4318F40-C2CD-4D59-BF6A-98F02F070C1C}.Release|Any CPU.Build.0 = Release|Any CPU
	EndGlobalSection
	GlobalSection(SolutionProperties) = preSolution
		HideSolutionNode = FALSE
	EndGlobalSection
	GlobalSection(ExtensibilityGlobals) = postSolution
		SolutionGuid = {1BA884D7-721A-44AC-B677-899FAD8C161A}
	EndGlobalSection
EndGlobal
