
Microsoft Visual Studio Solution File, Format Version 12.00
# Visual Studio Version 16
VisualStudioVersion = 16.0.31205.134
MinimumVisualStudioVersion = 10.0.40219.1
Project("{FAE04EC0-301F-11D3-BF4B-00C04F79EFBC}") = "MainMethod", "MainMethod\MainMethod.csproj", "{0A1F9835-FAB9-46FA-AD7C-40216783677B}"
EndProject
Global
	GlobalSection(SolutionConfigurationPlatforms) = preSolution
		Debug|Any CPU = Debug|Any CPU
		Release|Any CPU = Release|Any CPU
	EndGlobalSection
	GlobalSection(ProjectConfigurationPlatforms) = postSolution
		{0A1F9835-FAB9-46FA-AD7C-40216783677B}.Debug|Any CPU.ActiveCfg = Debug|Any CPU
		{0A1F9835-FAB9-46FA-AD7C-40216783677B}.Debug|Any CPU.Build.0 = Debug|Any CPU
		{0A1F9835-FAB9-46FA-AD7C-40216783677B}.Release|Any CPU.ActiveCfg = Release|Any CPU
		{0A1F9835-FAB9-46FA-AD7C-40216783677B}.Release|Any CPU.Build.0 = Release|Any CPU
	EndGlobalSection
	GlobalSection(SolutionProperties) = preSolution
		HideSolutionNode = FALSE
	EndGlobalSection
	GlobalSection(ExtensibilityGlobals) = postSolution
		SolutionGuid = {57A4252B-F8F9-4BDE-A3E6-DE85B7E6A4C7}
	EndGlobalSection
EndGlobal
