
Microsoft Visual Studio Solution File, Format Version 12.00
# Visual Studio Version 16
VisualStudioVersion = 16.0.31205.134
MinimumVisualStudioVersion = 10.0.40219.1
Project("{FAE04EC0-301F-11D3-BF4B-00C04F79EFBC}") = "MethodSubmission", "MethodSubmission\MethodSubmission.csproj", "{B0516C4C-D60C-4736-BCE2-62A2B02042DC}"
EndProject
Global
	GlobalSection(SolutionConfigurationPlatforms) = preSolution
		Debug|Any CPU = Debug|Any CPU
		Release|Any CPU = Release|Any CPU
	EndGlobalSection
	GlobalSection(ProjectConfigurationPlatforms) = postSolution
		{B0516C4C-D60C-4736-BCE2-62A2B02042DC}.Debug|Any CPU.ActiveCfg = Debug|Any CPU
		{B0516C4C-D60C-4736-BCE2-62A2B02042DC}.Debug|Any CPU.Build.0 = Debug|Any CPU
		{B0516C4C-D60C-4736-BCE2-62A2B02042DC}.Release|Any CPU.ActiveCfg = Release|Any CPU
		{B0516C4C-D60C-4736-BCE2-62A2B02042DC}.Release|Any CPU.Build.0 = Release|Any CPU
	EndGlobalSection
	GlobalSection(SolutionProperties) = preSolution
		HideSolutionNode = FALSE
	EndGlobalSection
	GlobalSection(ExtensibilityGlobals) = postSolution
		SolutionGuid = {96FAD7B3-A2C3-4527-9EF9-5575ADC16353}
	EndGlobalSection
EndGlobal
