
Microsoft Visual Studio Solution File, Format Version 12.00
# Visual Studio Version 16
VisualStudioVersion = 16.0.31205.134
MinimumVisualStudioVersion = 10.0.40219.1
Project("{FAE04EC0-301F-11D3-BF4B-00C04F79EFBC}") = "ConditionalStatements", "ConditionalStatements\ConditionalStatements.csproj", "{AE056870-5262-4FD7-B1ED-7C476BD23CEF}"
EndProject
Global
	GlobalSection(SolutionConfigurationPlatforms) = preSolution
		Debug|Any CPU = Debug|Any CPU
		Release|Any CPU = Release|Any CPU
	EndGlobalSection
	GlobalSection(ProjectConfigurationPlatforms) = postSolution
		{AE056870-5262-4FD7-B1ED-7C476BD23CEF}.Debug|Any CPU.ActiveCfg = Debug|Any CPU
		{AE056870-5262-4FD7-B1ED-7C476BD23CEF}.Debug|Any CPU.Build.0 = Debug|Any CPU
		{AE056870-5262-4FD7-B1ED-7C476BD23CEF}.Release|Any CPU.ActiveCfg = Release|Any CPU
		{AE056870-5262-4FD7-B1ED-7C476BD23CEF}.Release|Any CPU.Build.0 = Release|Any CPU
	EndGlobalSection
	GlobalSection(SolutionProperties) = preSolution
		HideSolutionNode = FALSE
	EndGlobalSection
	GlobalSection(ExtensibilityGlobals) = postSolution
		SolutionGuid = {58A7BE95-2ED5-4B34-89AB-08E9C4F69FBD}
	EndGlobalSection
EndGlobal
